{
  "name": "FirebaseParaMinigameGame",
  "lockfileVersion": 2,
  "requires": true,
  "packages": {
    "": {
      "dependencies": {
        "express-unless": "^1.0.0"
      }
    },
    "node_modules/express-unless": {
      "version": "1.0.0",
      "resolved": "https://registry.npmjs.org/express-unless/-/express-unless-1.0.0.tgz",
      "integrity": "sha512-zXSSClWBPfcSYjg0hcQNompkFN/MxQQ53eyrzm9BYgik2ut2I7PxAf2foVqBRMYCwWaZx/aWodi+uk76npdSAw=="
    }
  },
  "dependencies": {
    "express-unless": {
      "version": "1.0.0",
      "resolved": "https://registry.npmjs.org/express-unless/-/express-unless-1.0.0.tgz",
      "integrity": "sha512-zXSSClWBPfcSYjg0hcQNompkFN/MxQQ53eyrzm9BYgik2ut2I7PxAf2foVqBRMYCwWaZx/aWodi+uk76npdSAw=="
    }
  }
}
